
Microsoft Visual Studio Solution File, Format Version 12.00
# Visual Studio Version 17
VisualStudioVersion = 17.9.34714.143
MinimumVisualStudioVersion = 10.0.40219.1
Project("{FAE04EC0-301F-11D3-BF4B-00C04F79EFBC}") = "MauiApp1", "MauiApp1\MauiApp1.csproj", "{9BC39076-EF6D-4E11-8C8F-3DBC9F90E747}"
EndProject
Global
	GlobalSection(SolutionConfigurationPlatforms) = preSolution
		Debug|Any CPU = Debug|Any CPU
		Release|Any CPU = Release|Any CPU
	EndGlobalSection
	GlobalSection(ProjectConfigurationPlatforms) = postSolution
		{9BC39076-EF6D-4E11-8C8F-3DBC9F90E747}.Debug|Any CPU.ActiveCfg = Debug|Any CPU
		{9BC39076-EF6D-4E11-8C8F-3DBC9F90E747}.Debug|Any CPU.Build.0 = Debug|Any CPU
		{9BC39076-EF6D-4E11-8C8F-3DBC9F90E747}.Debug|Any CPU.Deploy.0 = Debug|Any CPU
		{9BC39076-EF6D-4E11-8C8F-3DBC9F90E747}.Release|Any CPU.ActiveCfg = Release|Any CPU
		{9BC39076-EF6D-4E11-8C8F-3DBC9F90E747}.Release|Any CPU.Build.0 = Release|Any CPU
		{9BC39076-EF6D-4E11-8C8F-3DBC9F90E747}.Release|Any CPU.Deploy.0 = Release|Any CPU
	EndGlobalSection
	GlobalSection(SolutionProperties) = preSolution
		HideSolutionNode = FALSE
	EndGlobalSection
	GlobalSection(ExtensibilityGlobals) = postSolution
		SolutionGuid = {33B3AD8B-A088-4DD4-879B-A4E81E827D7F}
	EndGlobalSection
EndGlobal
